
Microsoft Visual Studio Solution File, Format Version 12.00
# Visual Studio Version 16
VisualStudioVersion = 16.0.30128.36
MinimumVisualStudioVersion = 10.0.40219.1
Project("{9A19103F-16F7-4668-BE54-9A1E7A4F7556}") = "Battleship.NET.Domain", "Battleship.NET.Domain\Battleship.NET.Domain.csproj", "{30C6DD2D-7B5B-44A3-9628-29C69131DA15}"
EndProject
Project("{FAE04EC0-301F-11D3-BF4B-00C04F79EFBC}") = "Battleship.NET.Avalonia", "Battleship.NET.Avalonia\Battleship.NET.Avalonia.csproj", "{3D0A88E7-A5E1-4847-8CA4-2AFF050DFBF9}"
EndProject
Global
	GlobalSection(SolutionConfigurationPlatforms) = preSolution
		Debug|Any CPU = Debug|Any CPU
		Release|Any CPU = Release|Any CPU
	EndGlobalSection
	GlobalSection(ProjectConfigurationPlatforms) = postSolution
		{30C6DD2D-7B5B-44A3-9628-29C69131DA15}.Debug|Any CPU.ActiveCfg = Debug|Any CPU
		{30C6DD2D-7B5B-44A3-9628-29C69131DA15}.Debug|Any CPU.Build.0 = Debug|Any CPU
		{30C6DD2D-7B5B-44A3-9628-29C69131DA15}.Release|Any CPU.ActiveCfg = Release|Any CPU
		{30C6DD2D-7B5B-44A3-9628-29C69131DA15}.Release|Any CPU.Build.0 = Release|Any CPU
		{3D0A88E7-A5E1-4847-8CA4-2AFF050DFBF9}.Debug|Any CPU.ActiveCfg = Debug|Any CPU
		{3D0A88E7-A5E1-4847-8CA4-2AFF050DFBF9}.Debug|Any CPU.Build.0 = Debug|Any CPU
		{3D0A88E7-A5E1-4847-8CA4-2AFF050DFBF9}.Release|Any CPU.ActiveCfg = Release|Any CPU
		{3D0A88E7-A5E1-4847-8CA4-2AFF050DFBF9}.Release|Any CPU.Build.0 = Release|Any CPU
	EndGlobalSection
	GlobalSection(SolutionProperties) = preSolution
		HideSolutionNode = FALSE
	EndGlobalSection
	GlobalSection(ExtensibilityGlobals) = postSolution
		SolutionGuid = {9CF81A97-0527-4D2C-B9EE-964942E54877}
	EndGlobalSection
EndGlobal
